
Microsoft Visual Studio Solution File, Format Version 12.00
Project("{FAE04EC0-301F-11D3-BF4B-00C04F79EFBC}") = "Concepts", "Concepts\Concepts.csproj", "{A70CABA6-4F99-49F5-B631-420A654D8DE0}"
EndProject
Project("{FAE04EC0-301F-11D3-BF4B-00C04F79EFBC}") = "Concepts.Tests", "Concepts.Tests\Concepts.Tests.csproj", "{3B04CE0A-7D3C-4905-948E-58EA23BBC45E}"
EndProject
Global
	GlobalSection(SolutionConfigurationPlatforms) = preSolution
		Debug|Any CPU = Debug|Any CPU
		Release|Any CPU = Release|Any CPU
	EndGlobalSection
	GlobalSection(ProjectConfigurationPlatforms) = postSolution
		{A70CABA6-4F99-49F5-B631-420A654D8DE0}.Debug|Any CPU.ActiveCfg = Debug|Any CPU
		{A70CABA6-4F99-49F5-B631-420A654D8DE0}.Debug|Any CPU.Build.0 = Debug|Any CPU
		{A70CABA6-4F99-49F5-B631-420A654D8DE0}.Release|Any CPU.ActiveCfg = Release|Any CPU
		{A70CABA6-4F99-49F5-B631-420A654D8DE0}.Release|Any CPU.Build.0 = Release|Any CPU
		{3B04CE0A-7D3C-4905-948E-58EA23BBC45E}.Debug|Any CPU.ActiveCfg = Debug|Any CPU
		{3B04CE0A-7D3C-4905-948E-58EA23BBC45E}.Debug|Any CPU.Build.0 = Debug|Any CPU
		{3B04CE0A-7D3C-4905-948E-58EA23BBC45E}.Release|Any CPU.ActiveCfg = Release|Any CPU
		{3B04CE0A-7D3C-4905-948E-58EA23BBC45E}.Release|Any CPU.Build.0 = Release|Any CPU
	EndGlobalSection
EndGlobal
